
Microsoft Visual Studio Solution File, Format Version 12.00
# Visual Studio Version 17
VisualStudioVersion = 17.3.32929.385
MinimumVisualStudioVersion = 10.0.40219.1
Project("{9A19103F-16F7-4668-BE54-9A1E7A4F7556}") = "Beca.Playlist.API", "Beca.PlaylistInfo.API\Beca.Playlist.API.csproj", "{636B49EF-0BD8-41D4-B115-54161777B735}"
EndProject
Project("{9A19103F-16F7-4668-BE54-9A1E7A4F7556}") = "Beca.Playlist.API.Test", "Beca.Playlist.API.Test\Beca.Playlist.API.Test.csproj", "{97A73996-E178-4A7E-830A-63B5D1DC0738}"
EndProject
Project("{54A90642-561A-4BB1-A94E-469ADEE60C69}") = "Beca.Playlist.Angular", "Beca.Playlist.Angular\Beca.Playlist.Angular.esproj", "{7D8D9B65-E189-4D84-9613-1B9E36C916F7}"
EndProject
Global
	GlobalSection(SolutionConfigurationPlatforms) = preSolution
		Debug|Any CPU = Debug|Any CPU
		Release|Any CPU = Release|Any CPU
	EndGlobalSection
	GlobalSection(ProjectConfigurationPlatforms) = postSolution
		{636B49EF-0BD8-41D4-B115-54161777B735}.Debug|Any CPU.ActiveCfg = Debug|Any CPU
		{636B49EF-0BD8-41D4-B115-54161777B735}.Debug|Any CPU.Build.0 = Debug|Any CPU
		{636B49EF-0BD8-41D4-B115-54161777B735}.Release|Any CPU.ActiveCfg = Release|Any CPU
		{636B49EF-0BD8-41D4-B115-54161777B735}.Release|Any CPU.Build.0 = Release|Any CPU
		{97A73996-E178-4A7E-830A-63B5D1DC0738}.Debug|Any CPU.ActiveCfg = Debug|Any CPU
		{97A73996-E178-4A7E-830A-63B5D1DC0738}.Debug|Any CPU.Build.0 = Debug|Any CPU
		{97A73996-E178-4A7E-830A-63B5D1DC0738}.Release|Any CPU.ActiveCfg = Release|Any CPU
		{97A73996-E178-4A7E-830A-63B5D1DC0738}.Release|Any CPU.Build.0 = Release|Any CPU
		{7D8D9B65-E189-4D84-9613-1B9E36C916F7}.Debug|Any CPU.ActiveCfg = Debug|Any CPU
		{7D8D9B65-E189-4D84-9613-1B9E36C916F7}.Debug|Any CPU.Build.0 = Debug|Any CPU
		{7D8D9B65-E189-4D84-9613-1B9E36C916F7}.Debug|Any CPU.Deploy.0 = Debug|Any CPU
		{7D8D9B65-E189-4D84-9613-1B9E36C916F7}.Release|Any CPU.ActiveCfg = Release|Any CPU
		{7D8D9B65-E189-4D84-9613-1B9E36C916F7}.Release|Any CPU.Build.0 = Release|Any CPU
		{7D8D9B65-E189-4D84-9613-1B9E36C916F7}.Release|Any CPU.Deploy.0 = Release|Any CPU
	EndGlobalSection
	GlobalSection(SolutionProperties) = preSolution
		HideSolutionNode = FALSE
	EndGlobalSection
	GlobalSection(ExtensibilityGlobals) = postSolution
		SolutionGuid = {334C1843-A4FA-4B92-852D-7B8B448545F4}
	EndGlobalSection
EndGlobal
